// !$*UTF8*$!
{
	archiveVersion = 1;
	classes = {
	};
	objectVersion = 46;
	objects = {

/* Begin PBXBuildFile section */
		3A456F331C9C8AF800DA2168 /* AppDelegate.swift in Sources */ = {isa = PBXBuildFile; fileRef = 3A456F321C9C8AF800DA2168 /* AppDelegate.swift */; };
		3A456F351C9C8AF800DA2168 /* ViewController.swift in Sources */ = {isa = PBXBuildFile; fileRef = 3A456F341C9C8AF800DA2168 /* ViewController.swift */; };
		3A456F381C9C8AF800DA2168 /* Main.storyboard in Resources */ = {isa = PBXBuildFile; fileRef = 3A456F361C9C8AF800DA2168 /* Main.storyboard */; };
		3A456F3A1C9C8AF800DA2168 /* Assets.xcassets in Resources */ = {isa = PBXBuildFile; fileRef = 3A456F391C9C8AF800DA2168 /* Assets.xcassets */; };
		3A456F3D1C9C8AF800DA2168 /* LaunchScreen.storyboard in Resources */ = {isa = PBXBuildFile; fileRef = 3A456F3B1C9C8AF800DA2168 /* LaunchScreen.storyboard */; };
/* End PBXBuildFile section */

/* Begin PBXFileReference section */
		3A456F2F1C9C8AF800DA2168 /* a11yhelloworld.app */ = {isa = PBXFileReference; explicitFileType = wrapper.application; includeInIndex = 0; path = a11yhelloworld.app; sourceTree = BUILT_PRODUCTS_DIR; };
		3A456F321C9C8AF800DA2168 /* AppDelegate.swift */ = {isa = PBXFileReference; lastKnownFileType = sourcecode.swift; path = AppDelegate.swift; sourceTree = "<group>"; };
		3A456F341C9C8AF800DA2168 /* ViewController.swift */ = {isa = PBXFileReference; lastKnownFileType = sourcecode.swift; path = ViewController.swift; sourceTree = "<group>"; };
		3A456F371C9C8AF800DA2168 /* Base */ = {isa = PBXFileReference; lastKnownFileType = file.storyboard; name = Base; path = Base.lproj/Main.storyboard; sourceTree = "<group>"; };
		3A456F391C9C8AF800DA2168 /* Assets.xcassets */ = {isa = PBXFileReference; lastKnownFileType = folder.assetcatalog; path = Assets.xcassets; sourceTree = "<group>"; };
		3A456F3C1C9C8AF800DA2168 /* Base */ = {isa = PBXFileReference; lastKnownFileType = file.storyboard; name = Base; path = Base.lproj/LaunchScreen.storyboard; sourceTree = "<group>"; };
		3A456F3E1C9C8AF800DA2168 /* Info.plist */ = {isa = PBXFileReference; lastKnownFileType = text.plist.xml; path = Info.plist; sourceTree = "<group>"; };
/* End PBXFileReference section */

/* Begin PBXFrameworksBuildPhase section */
		3A456F2C1C9C8AF800DA2168 /* Frameworks */ = {
			isa = PBXFrameworksBuildPhase;
			buildActionMask = 2147483647;
			files = (
			);
			runOnlyForDeploymentPostprocessing = 0;
		};
/* End PBXFrameworksBuildPhase section */

/* Begin PBXGroup section */
		3A456F261C9C8AF800DA2168 = {
			isa = PBXGroup;
			children = (
				3A456F311C9C8AF800DA2168 /* a11yhelloworld */,
				3A456F301C9C8AF800DA2168 /* Products */,
			);
			sourceTree = "<group>";
		};
		3A456F301C9C8AF800DA2168 /* Products */ = {
			isa = PBXGroup;
			children = (
				3A456F2F1C9C8AF800DA2168 /* a11yhelloworld.app */,
			);
			name = Products;
			sourceTree = "<group>";
		};
		3A456F311C9C8AF800DA2168 /* a11yhelloworld */ = {
			isa = PBXGroup;
			children = (
				3A456F321C9C8AF800DA2168 /* AppDelegate.swift */,
				3A456F341C9C8AF800DA2168 /* ViewController.swift */,
				3A456F361C9C8AF800DA2168 /* Main.storyboard */,
				3A456F391C9C8AF800DA2168 /* Assets.xcassets */,
				3A456F3B1C9C8AF800DA2168 /* LaunchScreen.storyboard */,
				3A456F3E1C9C8AF800DA2168 /* Info.plist */,
			);
			path = a11yhelloworld;
			sourceTree = "<group>";
		};
/* End PBXGroup section */

/* Begin PBXNativeTarget section */
		3A456F2E1C9C8AF800DA2168 /* a11yhelloworld */ = {
			isa = PBXNativeTarget;
			buildConfigurationList = 3A456F411C9C8AF800DA2168 /* Build configuration list for PBXNativeTarget "a11yhelloworld" */;
			buildPhases = (
				3A456F2B1C9C8AF800DA2168 /* Sources */,
				3A456F2C1C9C8AF800DA2168 /* Frameworks */,
				3A456F2D1C9C8AF800DA2168 /* Resources */,
			);
			buildRules = (
			);
			dependencies = (
			);
			name = a11yhelloworld;
			productName = a11yhelloworld;
			productReference = 3A456F2F1C9C8AF800DA2168 /* a11yhelloworld.app */;
			productType = "com.apple.product-type.application";
		};
/* End PBXNativeTarget section */

/* Begin PBXProject section */
		3A456F271C9C8AF800DA2168 /* Project object */ = {
			isa = PBXProject;
			attributes = {
				LastSwiftUpdateCheck = 0720;
				LastUpgradeCheck = 0720;
				ORGANIZATIONNAME = "Jatin K Vaishnav";
				TargetAttributes = {
					3A456F2E1C9C8AF800DA2168 = {
						CreatedOnToolsVersion = 7.2;
					};
				};
			};
			buildConfigurationList = 3A456F2A1C9C8AF800DA2168 /* Build configuration list for PBXProject "a11yhelloworld" */;
			compatibilityVersion = "Xcode 3.2";
			developmentRegion = English;
			hasScannedForEncodings = 0;
			knownRegions = (
				en,
				Base,
			);
			mainGroup = 3A456F261C9C8AF800DA2168;
			productRefGroup = 3A456F301C9C8AF800DA2168 /* Products */;
			projectDirPath = "";
			projectRoot = "";
			targets = (
				3A456F2E1C9C8AF800DA2168 /* a11yhelloworld */,
			);
		};
/* End PBXProject section */

/* Begin PBXResourcesBuildPhase section */
		3A456F2D1C9C8AF800DA2168 /* Resources */ = {
			isa = PBXResourcesBuildPhase;
			buildActionMask = 2147483647;
			files = (
				3A456F3D1C9C8AF800DA2168 /* LaunchScreen.storyboard in Resources */,
				3A456F3A1C9C8AF800DA2168 /* Assets.xcassets in Resources */,
				3A456F381C9C8AF800DA2168 /* Main.storyboard in Resources */,
			);
			runOnlyForDeploymentPostprocessing = 0;
		};
/* End PBXResourcesBuildPhase section */

/* Begin PBXSourcesBuildPhase section */
		3A456F2B1C9C8AF800DA2168 /* Sources */ = {
			isa = PBXSourcesBuildPhase;
			buildActionMask = 2147483647;
			files = (
				3A456F351C9C8AF800DA2168 /* ViewController.swift in Sources */,
				3A456F331C9C8AF800DA2168 /* AppDelegate.swift in Sources */,
			);
			runOnlyForDeploymentPostprocessing = 0;
		};
/* End PBXSourcesBuildPhase section */

/* Begin PBXVariantGroup section */
		3A456F361C9C8AF800DA2168 /* Main.storyboard */ = {
			isa = PBXVariantGroup;
			children = (
				3A456F371C9C8AF800DA2168 /* Base */,
			);
			name = Main.storyboard;
			sourceTree = "<group>";
		};
		3A456F3B1C9C8AF800DA2168 /* LaunchScreen.storyboard */ = {
			isa = PBXVariantGroup;
			children = (
				3A456F3C1C9C8AF800DA2168 /* Base */,
			);
			name = LaunchScreen.storyboard;
			sourceTree = "<group>";
		};
/* End PBXVariantGroup section */

/* Begin XCBuildConfiguration section */
		3A456F3F1C9C8AF800DA2168 /* Debug */ = {
			isa = XCBuildConfiguration;
			buildSettings = {
				ALWAYS_SEARCH_USER_PATHS = NO;
				CLANG_CXX_LANGUAGE_STANDARD = "gnu++0x";
				CLANG_CXX_LIBRARY = "libc++";
				CLANG_ENABLE_MODULES = YES;
				CLANG_ENABLE_OBJC_ARC = YES;
				CLANG_WARN_BOOL_CONVERSION = YES;
				CLANG_WARN_CONSTANT_CONVERSION = YES;
				CLANG_WARN_DIRECT_OBJC_ISA_USAGE = YES_ERROR;
				CLANG_WARN_EMPTY_BODY = YES;
				CLANG_WARN_ENUM_CONVERSION = YES;
				CLANG_WARN_INT_CONVERSION = YES;
				CLANG_WARN_OBJC_ROOT_CLASS = YES_ERROR;
				CLANG_WARN_UNREACHABLE_CODE = YES;
				CLANG_WARN__DUPLICATE_METHOD_MATCH = YES;
				"CODE_SIGN_IDENTITY[sdk=iphoneos*]" = "iPhone Developer";
				COPY_PHASE_STRIP = NO;
				DEBUG_INFORMATION_FORMAT = dwarf;
				ENABLE_STRICT_OBJC_MSGSEND = YES;
				ENABLE_TESTABILITY = YES;
				GCC_C_LANGUAGE_STANDARD = gnu99;
				GCC_DYNAMIC_NO_PIC = NO;
				GCC_NO_COMMON_BLOCKS = YES;
				GCC_OPTIMIZATION_LEVEL = 0;
				GCC_PREPROCESSOR_DEFINITIONS = (
					"DEBUG=1",
					"$(inherited)",
				);
				GCC_WARN_64_TO_32_BIT_CONVERSION = YES;
				GCC_WARN_ABOUT_RETURN_TYPE = YES_ERROR;
				GCC_WARN_UNDECLARED_SELECTOR = YES;
				GCC_WARN_UNINITIALIZED_AUTOS = YES_AGGRESSIVE;
				GCC_WARN_UNUSED_FUNCTION = YES;
				GCC_WARN_UNUSED_VARIABLE = YES;
				IPHONEOS_DEPLOYMENT_TARGET = 9.2;
				MTL_ENABLE_DEBUG_INFO = YES;
				ONLY_ACTIVE_ARCH = YES;
				SDKROOT = iphoneos;
				SWIFT_OPTIMIZATION_LEVEL = "-Onone";
				TARGETED_DEVICE_FAMILY = "1,2";
			};
			name = Debug;
		};
		3A456F401C9C8AF800DA2168 /* Release */ = {
			isa = XCBuildConfiguration;
			buildSettings = {
				ALWAYS_SEARCH_USER_PATHS = NO;
				CLANG_CXX_LANGUAGE_STANDARD = "gnu++0x";
				CLANG_CXX_LIBRARY = "libc++";
				CLANG_ENABLE_MODULES = YES;
				CLANG_ENABLE_OBJC_ARC = YES;
				CLANG_WARN_BOOL_CONVERSION = YES;
				CLANG_WARN_CONSTANT_CONVERSION = YES;
				CLANG_WARN_DIRECT_OBJC_ISA_USAGE = YES_ERROR;
				CLANG_WARN_EMPTY_BODY = YES;
				CLANG_WARN_ENUM_CONVERSION = YES;
				CLANG_WARN_INT_CONVERSION = YES;
				CLANG_WARN_OBJC_ROOT_CLASS = YES_ERROR;
				CLANG_WARN_UNREACHABLE_CODE = YES;
				CLANG_WARN__DUPLICATE_METHOD_MATCH = YES;
				"CODE_SIGN_IDENTITY[sdk=iphoneos*]" = "iPhone Developer";
				COPY_PHASE_STRIP = NO;
				DEBUG_INFORMATION_FORMAT = "dwarf-with-dsym";
				ENABLE_NS_ASSERTIONS = NO;
				ENABLE_STRICT_OBJC_MSGSEND = YES;
				GCC_C_LANGUAGE_STANDARD = gnu99;
				GCC_NO_COMMON_BLOCKS = YES;
				GCC_WARN_64_TO_32_BIT_CONVERSION = YES;
				GCC_WARN_ABOUT_RETURN_TYPE = YES_ERROR;
				GCC_WARN_UNDECLARED_SELECTOR = YES;
				GCC_WARN_UNINITIALIZED_AUTOS = YES_AGGRESSIVE;
				GCC_WARN_UNUSED_FUNCTION = YES;
				GCC_WARN_UNUSED_VARIABLE = YES;
				IPHONEOS_DEPLOYMENT_TARGET = 9.2;
				MTL_ENABLE_DEBUG_INFO = NO;
				SDKROOT = iphoneos;
				TARGETED_DEVICE_FAMILY = "1,2";
				VALIDATE_PRODUCT = YES;
			};
			name = Release;
		};
		3A456F421C9C8AF800DA2168 /* Debug */ = {
			isa = XCBuildConfiguration;
			buildSettings = {
				ASSETCATALOG_COMPILER_APPICON_NAME = AppIcon;
				INFOPLIST_FILE = a11yhelloworld/Info.plist;
				LD_RUNPATH_SEARCH_PATHS = "$(inherited) @executable_path/Frameworks";
				PRODUCT_BUNDLE_IDENTIFIER = vjatin.a11yhelloworld;
				PRODUCT_NAME = "$(TARGET_NAME)";
			};
			name = Debug;
		};
		3A456F431C9C8AF800DA2168 /* Release */ = {
			isa = XCBuildConfiguration;
			buildSettings = {
				ASSETCATALOG_COMPILER_APPICON_NAME = AppIcon;
				INFOPLIST_FILE = a11yhelloworld/Info.plist;
				LD_RUNPATH_SEARCH_PATHS = "$(inherited) @executable_path/Frameworks";
				PRODUCT_BUNDLE_IDENTIFIER = vjatin.a11yhelloworld;
				PRODUCT_NAME = "$(TARGET_NAME)";
			};
			name = Release;
		};
/* End XCBuildConfiguration section */

/* Begin XCConfigurationList section */
		3A456F2A1C9C8AF800DA2168 /* Build configuration list for PBXProject "a11yhelloworld" */ = {
			isa = XCConfigurationList;
			buildConfigurations = (
				3A456F3F1C9C8AF800DA2168 /* Debug */,
				3A456F401C9C8AF800DA2168 /* Release */,
			);
			defaultConfigurationIsVisible = 0;
			defaultConfigurationName = Release;
		};
		3A456F411C9C8AF800DA2168 /* Build configuration list for PBXNativeTarget "a11yhelloworld" */ = {
			isa = XCConfigurationList;
			buildConfigurations = (
				3A456F421C9C8AF800DA2168 /* Debug */,
				3A456F431C9C8AF800DA2168 /* Release */,
			);
			defaultConfigurationIsVisible = 0;
		};
/* End XCConfigurationList section */
	};
	rootObject = 3A456F271C9C8AF800DA2168 /* Project object */;
}
